
Microsoft Visual Studio Solution File, Format Version 12.00
# Visual Studio Version 16
VisualStudioVersion = 16.0.30717.126
MinimumVisualStudioVersion = 10.0.40219.1
Project("{FAE04EC0-301F-11D3-BF4B-00C04F79EFBC}") = "PruebaTecnicaACHS", "PruebaTecnicaACHS\PruebaTecnicaACHS.csproj", "{46FF007D-56DC-4D42-9A97-5D2040548D89}"
EndProject
Global
	GlobalSection(SolutionConfigurationPlatforms) = preSolution
		Debug|Any CPU = Debug|Any CPU
		Release|Any CPU = Release|Any CPU
	EndGlobalSection
	GlobalSection(ProjectConfigurationPlatforms) = postSolution
		{46FF007D-56DC-4D42-9A97-5D2040548D89}.Debug|Any CPU.ActiveCfg = Debug|Any CPU
		{46FF007D-56DC-4D42-9A97-5D2040548D89}.Debug|Any CPU.Build.0 = Debug|Any CPU
		{46FF007D-56DC-4D42-9A97-5D2040548D89}.Release|Any CPU.ActiveCfg = Release|Any CPU
		{46FF007D-56DC-4D42-9A97-5D2040548D89}.Release|Any CPU.Build.0 = Release|Any CPU
	EndGlobalSection
	GlobalSection(SolutionProperties) = preSolution
		HideSolutionNode = FALSE
	EndGlobalSection
	GlobalSection(ExtensibilityGlobals) = postSolution
		SolutionGuid = {F633B868-36FB-4108-BBD7-A917103ADCD8}
	EndGlobalSection
EndGlobal
